
Microsoft Visual Studio Solution File, Format Version 12.00
# Visual Studio 15
VisualStudioVersion = 15.0.27428.2037
MinimumVisualStudioVersion = 10.0.40219.1
Project("{FAE04EC0-301F-11D3-BF4B-00C04F79EFBC}") = "DataRest", "DataRest\DataRest.csproj", "{D2A86F49-8C10-4BAB-B51E-96A981D87C2E}"
EndProject
Project("{FAE04EC0-301F-11D3-BF4B-00C04F79EFBC}") = "DalRest", "DalRest\DalRest.csproj", "{412FD603-6EEC-4C3F-84F8-E57B0A754A56}"
EndProject
Project("{FAE04EC0-301F-11D3-BF4B-00C04F79EFBC}") = "wfRestaurant", "WindowsFormsApp1\wfRestaurant.csproj", "{060EED90-5AF3-4808-8414-EC45DEBC76F5}"
EndProject
Project("{FAE04EC0-301F-11D3-BF4B-00C04F79EFBC}") = "DalRest.Test", "DalRest.Test\DalRest.Test.csproj", "{B9396034-9208-4636-A53C-E507802ACD7F}"
EndProject
Global
	GlobalSection(SolutionConfigurationPlatforms) = preSolution
		Debug|Any CPU = Debug|Any CPU
		Release|Any CPU = Release|Any CPU
	EndGlobalSection
	GlobalSection(ProjectConfigurationPlatforms) = postSolution
		{D2A86F49-8C10-4BAB-B51E-96A981D87C2E}.Debug|Any CPU.ActiveCfg = Debug|Any CPU
		{D2A86F49-8C10-4BAB-B51E-96A981D87C2E}.Debug|Any CPU.Build.0 = Debug|Any CPU
		{D2A86F49-8C10-4BAB-B51E-96A981D87C2E}.Release|Any CPU.ActiveCfg = Release|Any CPU
		{D2A86F49-8C10-4BAB-B51E-96A981D87C2E}.Release|Any CPU.Build.0 = Release|Any CPU
		{412FD603-6EEC-4C3F-84F8-E57B0A754A56}.Debug|Any CPU.ActiveCfg = Debug|Any CPU
		{412FD603-6EEC-4C3F-84F8-E57B0A754A56}.Debug|Any CPU.Build.0 = Debug|Any CPU
		{412FD603-6EEC-4C3F-84F8-E57B0A754A56}.Release|Any CPU.ActiveCfg = Release|Any CPU
		{412FD603-6EEC-4C3F-84F8-E57B0A754A56}.Release|Any CPU.Build.0 = Release|Any CPU
		{060EED90-5AF3-4808-8414-EC45DEBC76F5}.Debug|Any CPU.ActiveCfg = Debug|Any CPU
		{060EED90-5AF3-4808-8414-EC45DEBC76F5}.Debug|Any CPU.Build.0 = Debug|Any CPU
		{060EED90-5AF3-4808-8414-EC45DEBC76F5}.Release|Any CPU.ActiveCfg = Release|Any CPU
		{060EED90-5AF3-4808-8414-EC45DEBC76F5}.Release|Any CPU.Build.0 = Release|Any CPU
		{B9396034-9208-4636-A53C-E507802ACD7F}.Debug|Any CPU.ActiveCfg = Debug|Any CPU
		{B9396034-9208-4636-A53C-E507802ACD7F}.Debug|Any CPU.Build.0 = Debug|Any CPU
		{B9396034-9208-4636-A53C-E507802ACD7F}.Release|Any CPU.ActiveCfg = Release|Any CPU
		{B9396034-9208-4636-A53C-E507802ACD7F}.Release|Any CPU.Build.0 = Release|Any CPU
	EndGlobalSection
	GlobalSection(SolutionProperties) = preSolution
		HideSolutionNode = FALSE
	EndGlobalSection
	GlobalSection(ExtensibilityGlobals) = postSolution
		SolutionGuid = {124BE85A-3506-4303-9456-86DA6D3ABB9A}
	EndGlobalSection
EndGlobal
